// !$*UTF8*$!
{
	archiveVersion = 1;
	classes = {
	};
	objectVersion = 55;
	objects = {

/* Begin PBXBuildFile section */
		D90AC8E02842445100A75C4D /* AppDelegate.swift in Sources */ = {isa = PBXBuildFile; fileRef = D90AC8DF2842445100A75C4D /* AppDelegate.swift */; };
		D90AC8E22842445100A75C4D /* SceneDelegate.swift in Sources */ = {isa = PBXBuildFile; fileRef = D90AC8E12842445100A75C4D /* SceneDelegate.swift */; };
		D90AC8E42842445100A75C4D /* RootViewController.swift in Sources */ = {isa = PBXBuildFile; fileRef = D90AC8E32842445100A75C4D /* RootViewController.swift */; };
		D90AC8E72842445100A75C4D /* Main.storyboard in Resources */ = {isa = PBXBuildFile; fileRef = D90AC8E52842445100A75C4D /* Main.storyboard */; };
		D90AC8EA2842445100A75C4D /* CoreDataProfiles.xcdatamodeld in Sources */ = {isa = PBXBuildFile; fileRef = D90AC8E82842445100A75C4D /* CoreDataProfiles.xcdatamodeld */; };
		D90AC8EC2842445200A75C4D /* Assets.xcassets in Resources */ = {isa = PBXBuildFile; fileRef = D90AC8EB2842445200A75C4D /* Assets.xcassets */; };
		D90AC8EF2842445200A75C4D /* LaunchScreen.storyboard in Resources */ = {isa = PBXBuildFile; fileRef = D90AC8ED2842445200A75C4D /* LaunchScreen.storyboard */; };
		D90AC8FF28424F1800A75C4D /* RootPresenter.swift in Sources */ = {isa = PBXBuildFile; fileRef = D90AC8FE28424F1800A75C4D /* RootPresenter.swift */; };
		D90AC90128424F7D00A75C4D /* ProfilePresenter.swift in Sources */ = {isa = PBXBuildFile; fileRef = D90AC90028424F7D00A75C4D /* ProfilePresenter.swift */; };
		D90AC90328424FB900A75C4D /* ProfileViewController.swift in Sources */ = {isa = PBXBuildFile; fileRef = D90AC90228424FB900A75C4D /* ProfileViewController.swift */; };
		D90AC906284251B800A75C4D /* RootPresenterDelegate.swift in Sources */ = {isa = PBXBuildFile; fileRef = D90AC905284251B800A75C4D /* RootPresenterDelegate.swift */; };
		D90AC9082842520400A75C4D /* ProfilePresenterDelegate.swift in Sources */ = {isa = PBXBuildFile; fileRef = D90AC9072842520400A75C4D /* ProfilePresenterDelegate.swift */; };
		D90AC90B28425E2F00A75C4D /* RootPresenterProtocol.swift in Sources */ = {isa = PBXBuildFile; fileRef = D90AC90A28425E2F00A75C4D /* RootPresenterProtocol.swift */; };
		D90AC90D28426D2800A75C4D /* ProfilePresenterProtocol.swift in Sources */ = {isa = PBXBuildFile; fileRef = D90AC90C28426D2800A75C4D /* ProfilePresenterProtocol.swift */; };
		D90AC910284270EA00A75C4D /* UIColor+Ext.swift in Sources */ = {isa = PBXBuildFile; fileRef = D90AC90F284270EA00A75C4D /* UIColor+Ext.swift */; };
		D90AC9132842724900A75C4D /* SnapKit in Frameworks */ = {isa = PBXBuildFile; productRef = D90AC9122842724900A75C4D /* SnapKit */; };
		D90AC9162842888100A75C4D /* DataProvider.swift in Sources */ = {isa = PBXBuildFile; fileRef = D90AC9152842888100A75C4D /* DataProvider.swift */; };
		D90AC91928428FCA00A75C4D /* DataProviderProtocol.swift in Sources */ = {isa = PBXBuildFile; fileRef = D90AC91828428FCA00A75C4D /* DataProviderProtocol.swift */; };
/* End PBXBuildFile section */

/* Begin PBXFileReference section */
		D90AC8DC2842445100A75C4D /* CoreDataProfiles.app */ = {isa = PBXFileReference; explicitFileType = wrapper.application; includeInIndex = 0; path = CoreDataProfiles.app; sourceTree = BUILT_PRODUCTS_DIR; };
		D90AC8DF2842445100A75C4D /* AppDelegate.swift */ = {isa = PBXFileReference; lastKnownFileType = sourcecode.swift; path = AppDelegate.swift; sourceTree = "<group>"; };
		D90AC8E12842445100A75C4D /* SceneDelegate.swift */ = {isa = PBXFileReference; lastKnownFileType = sourcecode.swift; path = SceneDelegate.swift; sourceTree = "<group>"; };
		D90AC8E32842445100A75C4D /* RootViewController.swift */ = {isa = PBXFileReference; lastKnownFileType = sourcecode.swift; path = RootViewController.swift; sourceTree = "<group>"; };
		D90AC8E62842445100A75C4D /* Base */ = {isa = PBXFileReference; lastKnownFileType = file.storyboard; name = Base; path = Base.lproj/Main.storyboard; sourceTree = "<group>"; };
		D90AC8E92842445100A75C4D /* CoreDataProfiles.xcdatamodel */ = {isa = PBXFileReference; lastKnownFileType = wrapper.xcdatamodel; path = CoreDataProfiles.xcdatamodel; sourceTree = "<group>"; };
		D90AC8EB2842445200A75C4D /* Assets.xcassets */ = {isa = PBXFileReference; lastKnownFileType = folder.assetcatalog; path = Assets.xcassets; sourceTree = "<group>"; };
		D90AC8EE2842445200A75C4D /* Base */ = {isa = PBXFileReference; lastKnownFileType = file.storyboard; name = Base; path = Base.lproj/LaunchScreen.storyboard; sourceTree = "<group>"; };
		D90AC8F02842445200A75C4D /* Info.plist */ = {isa = PBXFileReference; lastKnownFileType = text.plist.xml; path = Info.plist; sourceTree = "<group>"; };
		D90AC8FE28424F1800A75C4D /* RootPresenter.swift */ = {isa = PBXFileReference; lastKnownFileType = sourcecode.swift; path = RootPresenter.swift; sourceTree = "<group>"; };
		D90AC90028424F7D00A75C4D /* ProfilePresenter.swift */ = {isa = PBXFileReference; lastKnownFileType = sourcecode.swift; path = ProfilePresenter.swift; sourceTree = "<group>"; };
		D90AC90228424FB900A75C4D /* ProfileViewController.swift */ = {isa = PBXFileReference; lastKnownFileType = sourcecode.swift; path = ProfileViewController.swift; sourceTree = "<group>"; };
		D90AC905284251B800A75C4D /* RootPresenterDelegate.swift */ = {isa = PBXFileReference; lastKnownFileType = sourcecode.swift; path = RootPresenterDelegate.swift; sourceTree = "<group>"; };
		D90AC9072842520400A75C4D /* ProfilePresenterDelegate.swift */ = {isa = PBXFileReference; lastKnownFileType = sourcecode.swift; path = ProfilePresenterDelegate.swift; sourceTree = "<group>"; };
		D90AC90A28425E2F00A75C4D /* RootPresenterProtocol.swift */ = {isa = PBXFileReference; lastKnownFileType = sourcecode.swift; path = RootPresenterProtocol.swift; sourceTree = "<group>"; };
		D90AC90C28426D2800A75C4D /* ProfilePresenterProtocol.swift */ = {isa = PBXFileReference; lastKnownFileType = sourcecode.swift; path = ProfilePresenterProtocol.swift; sourceTree = "<group>"; };
		D90AC90F284270EA00A75C4D /* UIColor+Ext.swift */ = {isa = PBXFileReference; lastKnownFileType = sourcecode.swift; path = "UIColor+Ext.swift"; sourceTree = "<group>"; };
		D90AC9152842888100A75C4D /* DataProvider.swift */ = {isa = PBXFileReference; lastKnownFileType = sourcecode.swift; path = DataProvider.swift; sourceTree = "<group>"; };
		D90AC91828428FCA00A75C4D /* DataProviderProtocol.swift */ = {isa = PBXFileReference; lastKnownFileType = sourcecode.swift; path = DataProviderProtocol.swift; sourceTree = "<group>"; };
/* End PBXFileReference section */

/* Begin PBXFrameworksBuildPhase section */
		D90AC8D92842445100A75C4D /* Frameworks */ = {
			isa = PBXFrameworksBuildPhase;
			buildActionMask = 2147483647;
			files = (
				D90AC9132842724900A75C4D /* SnapKit in Frameworks */,
			);
			runOnlyForDeploymentPostprocessing = 0;
		};
/* End PBXFrameworksBuildPhase section */

/* Begin PBXGroup section */
		D90AC8D32842445100A75C4D = {
			isa = PBXGroup;
			children = (
				D90AC8DE2842445100A75C4D /* CoreDataProfiles */,
				D90AC8DD2842445100A75C4D /* Products */,
			);
			sourceTree = "<group>";
		};
		D90AC8DD2842445100A75C4D /* Products */ = {
			isa = PBXGroup;
			children = (
				D90AC8DC2842445100A75C4D /* CoreDataProfiles.app */,
			);
			name = Products;
			sourceTree = "<group>";
		};
		D90AC8DE2842445100A75C4D /* CoreDataProfiles */ = {
			isa = PBXGroup;
			children = (
				D90AC8F728424A5000A75C4D /* Sources */,
				D90AC8F628424A4700A75C4D /* Resources */,
				D90AC8E82842445100A75C4D /* CoreDataProfiles.xcdatamodeld */,
			);
			path = CoreDataProfiles;
			sourceTree = "<group>";
		};
		D90AC8F628424A4700A75C4D /* Resources */ = {
			isa = PBXGroup;
			children = (
				D90AC8E52842445100A75C4D /* Main.storyboard */,
				D90AC8EB2842445200A75C4D /* Assets.xcassets */,
				D90AC8ED2842445200A75C4D /* LaunchScreen.storyboard */,
				D90AC8F02842445200A75C4D /* Info.plist */,
			);
			path = Resources;
			sourceTree = "<group>";
		};
		D90AC8F728424A5000A75C4D /* Sources */ = {
			isa = PBXGroup;
			children = (
				D90AC8FB28424BB200A75C4D /* App */,
				D90AC8F828424B8100A75C4D /* Scenes */,
				D90AC90E284270AC00A75C4D /* Extensions */,
			);
			path = Sources;
			sourceTree = "<group>";
		};
		D90AC8F828424B8100A75C4D /* Scenes */ = {
			isa = PBXGroup;
			children = (
				D90AC8FA28424BA700A75C4D /* Presenters */,
				D90AC8F928424B9D00A75C4D /* Views */,
				D90AC9142842882900A75C4D /* Model */,
			);
			path = Scenes;
			sourceTree = "<group>";
		};
		D90AC8F928424B9D00A75C4D /* Views */ = {
			isa = PBXGroup;
			children = (
				D90AC8E32842445100A75C4D /* RootViewController.swift */,
				D90AC90228424FB900A75C4D /* ProfileViewController.swift */,
				D90AC9042842519B00A75C4D /* Protocols */,
			);
			path = Views;
			sourceTree = "<group>";
		};
		D90AC8FA28424BA700A75C4D /* Presenters */ = {
			isa = PBXGroup;
			children = (
				D90AC8FE28424F1800A75C4D /* RootPresenter.swift */,
				D90AC90028424F7D00A75C4D /* ProfilePresenter.swift */,
				D90AC90928425E0A00A75C4D /* Protocols */,
			);
			path = Presenters;
			sourceTree = "<group>";
		};
		D90AC8FB28424BB200A75C4D /* App */ = {
			isa = PBXGroup;
			children = (
				D90AC8DF2842445100A75C4D /* AppDelegate.swift */,
				D90AC8E12842445100A75C4D /* SceneDelegate.swift */,
			);
			path = App;
			sourceTree = "<group>";
		};
		D90AC9042842519B00A75C4D /* Protocols */ = {
			isa = PBXGroup;
			children = (
				D90AC905284251B800A75C4D /* RootPresenterDelegate.swift */,
				D90AC9072842520400A75C4D /* ProfilePresenterDelegate.swift */,
			);
			path = Protocols;
			sourceTree = "<group>";
		};
		D90AC90928425E0A00A75C4D /* Protocols */ = {
			isa = PBXGroup;
			children = (
				D90AC90A28425E2F00A75C4D /* RootPresenterProtocol.swift */,
				D90AC90C28426D2800A75C4D /* ProfilePresenterProtocol.swift */,
			);
			path = Protocols;
			sourceTree = "<group>";
		};
		D90AC90E284270AC00A75C4D /* Extensions */ = {
			isa = PBXGroup;
			children = (
				D90AC90F284270EA00A75C4D /* UIColor+Ext.swift */,
			);
			path = Extensions;
			sourceTree = "<group>";
		};
		D90AC9142842882900A75C4D /* Model */ = {
			isa = PBXGroup;
			children = (
				D90AC9152842888100A75C4D /* DataProvider.swift */,
				D90AC91728428FAD00A75C4D /* Protocols */,
			);
			path = Model;
			sourceTree = "<group>";
		};
		D90AC91728428FAD00A75C4D /* Protocols */ = {
			isa = PBXGroup;
			children = (
				D90AC91828428FCA00A75C4D /* DataProviderProtocol.swift */,
			);
			path = Protocols;
			sourceTree = "<group>";
		};
/* End PBXGroup section */

/* Begin PBXNativeTarget section */
		D90AC8DB2842445100A75C4D /* CoreDataProfiles */ = {
			isa = PBXNativeTarget;
			buildConfigurationList = D90AC8F32842445200A75C4D /* Build configuration list for PBXNativeTarget "CoreDataProfiles" */;
			buildPhases = (
				D90AC8D82842445100A75C4D /* Sources */,
				D90AC8D92842445100A75C4D /* Frameworks */,
				D90AC8DA2842445100A75C4D /* Resources */,
			);
			buildRules = (
			);
			dependencies = (
			);
			name = CoreDataProfiles;
			packageProductDependencies = (
				D90AC9122842724900A75C4D /* SnapKit */,
			);
			productName = CoreDataProfiles;
			productReference = D90AC8DC2842445100A75C4D /* CoreDataProfiles.app */;
			productType = "com.apple.product-type.application";
		};
/* End PBXNativeTarget section */

/* Begin PBXProject section */
		D90AC8D42842445100A75C4D /* Project object */ = {
			isa = PBXProject;
			attributes = {
				BuildIndependentTargetsInParallel = 1;
				LastSwiftUpdateCheck = 1330;
				LastUpgradeCheck = 1330;
				TargetAttributes = {
					D90AC8DB2842445100A75C4D = {
						CreatedOnToolsVersion = 13.3.1;
					};
				};
			};
			buildConfigurationList = D90AC8D72842445100A75C4D /* Build configuration list for PBXProject "CoreDataProfiles" */;
			compatibilityVersion = "Xcode 13.0";
			developmentRegion = en;
			hasScannedForEncodings = 0;
			knownRegions = (
				en,
				Base,
			);
			mainGroup = D90AC8D32842445100A75C4D;
			packageReferences = (
				D90AC9112842724900A75C4D /* XCRemoteSwiftPackageReference "SnapKit" */,
			);
			productRefGroup = D90AC8DD2842445100A75C4D /* Products */;
			projectDirPath = "";
			projectRoot = "";
			targets = (
				D90AC8DB2842445100A75C4D /* CoreDataProfiles */,
			);
		};
/* End PBXProject section */

/* Begin PBXResourcesBuildPhase section */
		D90AC8DA2842445100A75C4D /* Resources */ = {
			isa = PBXResourcesBuildPhase;
			buildActionMask = 2147483647;
			files = (
				D90AC8EF2842445200A75C4D /* LaunchScreen.storyboard in Resources */,
				D90AC8EC2842445200A75C4D /* Assets.xcassets in Resources */,
				D90AC8E72842445100A75C4D /* Main.storyboard in Resources */,
			);
			runOnlyForDeploymentPostprocessing = 0;
		};
/* End PBXResourcesBuildPhase section */

/* Begin PBXSourcesBuildPhase section */
		D90AC8D82842445100A75C4D /* Sources */ = {
			isa = PBXSourcesBuildPhase;
			buildActionMask = 2147483647;
			files = (
				D90AC90B28425E2F00A75C4D /* RootPresenterProtocol.swift in Sources */,
				D90AC9082842520400A75C4D /* ProfilePresenterDelegate.swift in Sources */,
				D90AC8FF28424F1800A75C4D /* RootPresenter.swift in Sources */,
				D90AC8EA2842445100A75C4D /* CoreDataProfiles.xcdatamodeld in Sources */,
				D90AC90128424F7D00A75C4D /* ProfilePresenter.swift in Sources */,
				D90AC8E42842445100A75C4D /* RootViewController.swift in Sources */,
				D90AC90328424FB900A75C4D /* ProfileViewController.swift in Sources */,
				D90AC906284251B800A75C4D /* RootPresenterDelegate.swift in Sources */,
				D90AC8E02842445100A75C4D /* AppDelegate.swift in Sources */,
				D90AC910284270EA00A75C4D /* UIColor+Ext.swift in Sources */,
				D90AC91928428FCA00A75C4D /* DataProviderProtocol.swift in Sources */,
				D90AC90D28426D2800A75C4D /* ProfilePresenterProtocol.swift in Sources */,
				D90AC8E22842445100A75C4D /* SceneDelegate.swift in Sources */,
				D90AC9162842888100A75C4D /* DataProvider.swift in Sources */,
			);
			runOnlyForDeploymentPostprocessing = 0;
		};
/* End PBXSourcesBuildPhase section */

/* Begin PBXVariantGroup section */
		D90AC8E52842445100A75C4D /* Main.storyboard */ = {
			isa = PBXVariantGroup;
			children = (
				D90AC8E62842445100A75C4D /* Base */,
			);
			name = Main.storyboard;
			sourceTree = "<group>";
		};
		D90AC8ED2842445200A75C4D /* LaunchScreen.storyboard */ = {
			isa = PBXVariantGroup;
			children = (
				D90AC8EE2842445200A75C4D /* Base */,
			);
			name = LaunchScreen.storyboard;
			sourceTree = "<group>";
		};
/* End PBXVariantGroup section */

/* Begin XCBuildConfiguration section */
		D90AC8F12842445200A75C4D /* Debug */ = {
			isa = XCBuildConfiguration;
			buildSettings = {
				ALWAYS_SEARCH_USER_PATHS = NO;
				CLANG_ANALYZER_NONNULL = YES;
				CLANG_ANALYZER_NUMBER_OBJECT_CONVERSION = YES_AGGRESSIVE;
				CLANG_CXX_LANGUAGE_STANDARD = "gnu++17";
				CLANG_ENABLE_MODULES = YES;
				CLANG_ENABLE_OBJC_ARC = YES;
				CLANG_ENABLE_OBJC_WEAK = YES;
				CLANG_WARN_BLOCK_CAPTURE_AUTORELEASING = YES;
				CLANG_WARN_BOOL_CONVERSION = YES;
				CLANG_WARN_COMMA = YES;
				CLANG_WARN_CONSTANT_CONVERSION = YES;
				CLANG_WARN_DEPRECATED_OBJC_IMPLEMENTATIONS = YES;
				CLANG_WARN_DIRECT_OBJC_ISA_USAGE = YES_ERROR;
				CLANG_WARN_DOCUMENTATION_COMMENTS = YES;
				CLANG_WARN_EMPTY_BODY = YES;
				CLANG_WARN_ENUM_CONVERSION = YES;
				CLANG_WARN_INFINITE_RECURSION = YES;
				CLANG_WARN_INT_CONVERSION = YES;
				CLANG_WARN_NON_LITERAL_NULL_CONVERSION = YES;
				CLANG_WARN_OBJC_IMPLICIT_RETAIN_SELF = YES;
				CLANG_WARN_OBJC_LITERAL_CONVERSION = YES;
				CLANG_WARN_OBJC_ROOT_CLASS = YES_ERROR;
				CLANG_WARN_QUOTED_INCLUDE_IN_FRAMEWORK_HEADER = YES;
				CLANG_WARN_RANGE_LOOP_ANALYSIS = YES;
				CLANG_WARN_STRICT_PROTOTYPES = YES;
				CLANG_WARN_SUSPICIOUS_MOVE = YES;
				CLANG_WARN_UNGUARDED_AVAILABILITY = YES_AGGRESSIVE;
				CLANG_WARN_UNREACHABLE_CODE = YES;
				CLANG_WARN__DUPLICATE_METHOD_MATCH = YES;
				COPY_PHASE_STRIP = NO;
				DEBUG_INFORMATION_FORMAT = dwarf;
				ENABLE_STRICT_OBJC_MSGSEND = YES;
				ENABLE_TESTABILITY = YES;
				GCC_C_LANGUAGE_STANDARD = gnu11;
				GCC_DYNAMIC_NO_PIC = NO;
				GCC_NO_COMMON_BLOCKS = YES;
				GCC_OPTIMIZATION_LEVEL = 0;
				GCC_PREPROCESSOR_DEFINITIONS = (
					"DEBUG=1",
					"$(inherited)",
				);
				GCC_WARN_64_TO_32_BIT_CONVERSION = YES;
				GCC_WARN_ABOUT_RETURN_TYPE = YES_ERROR;
				GCC_WARN_UNDECLARED_SELECTOR = YES;
				GCC_WARN_UNINITIALIZED_AUTOS = YES_AGGRESSIVE;
				GCC_WARN_UNUSED_FUNCTION = YES;
				GCC_WARN_UNUSED_VARIABLE = YES;
				IPHONEOS_DEPLOYMENT_TARGET = 15.4;
				MTL_ENABLE_DEBUG_INFO = INCLUDE_SOURCE;
				MTL_FAST_MATH = YES;
				ONLY_ACTIVE_ARCH = YES;
				SDKROOT = iphoneos;
				SWIFT_ACTIVE_COMPILATION_CONDITIONS = DEBUG;
				SWIFT_OPTIMIZATION_LEVEL = "-Onone";
			};
			name = Debug;
		};
		D90AC8F22842445200A75C4D /* Release */ = {
			isa = XCBuildConfiguration;
			buildSettings = {
				ALWAYS_SEARCH_USER_PATHS = NO;
				CLANG_ANALYZER_NONNULL = YES;
				CLANG_ANALYZER_NUMBER_OBJECT_CONVERSION = YES_AGGRESSIVE;
				CLANG_CXX_LANGUAGE_STANDARD = "gnu++17";
				CLANG_ENABLE_MODULES = YES;
				CLANG_ENABLE_OBJC_ARC = YES;
				CLANG_ENABLE_OBJC_WEAK = YES;
				CLANG_WARN_BLOCK_CAPTURE_AUTORELEASING = YES;
				CLANG_WARN_BOOL_CONVERSION = YES;
				CLANG_WARN_COMMA = YES;
				CLANG_WARN_CONSTANT_CONVERSION = YES;
				CLANG_WARN_DEPRECATED_OBJC_IMPLEMENTATIONS = YES;
				CLANG_WARN_DIRECT_OBJC_ISA_USAGE = YES_ERROR;
				CLANG_WARN_DOCUMENTATION_COMMENTS = YES;
				CLANG_WARN_EMPTY_BODY = YES;
				CLANG_WARN_ENUM_CONVERSION = YES;
				CLANG_WARN_INFINITE_RECURSION = YES;
				CLANG_WARN_INT_CONVERSION = YES;
				CLANG_WARN_NON_LITERAL_NULL_CONVERSION = YES;
				CLANG_WARN_OBJC_IMPLICIT_RETAIN_SELF = YES;
				CLANG_WARN_OBJC_LITERAL_CONVERSION = YES;
				CLANG_WARN_OBJC_ROOT_CLASS = YES_ERROR;
				CLANG_WARN_QUOTED_INCLUDE_IN_FRAMEWORK_HEADER = YES;
				CLANG_WARN_RANGE_LOOP_ANALYSIS = YES;
				CLANG_WARN_STRICT_PROTOTYPES = YES;
				CLANG_WARN_SUSPICIOUS_MOVE = YES;
				CLANG_WARN_UNGUARDED_AVAILABILITY = YES_AGGRESSIVE;
				CLANG_WARN_UNREACHABLE_CODE = YES;
				CLANG_WARN__DUPLICATE_METHOD_MATCH = YES;
				COPY_PHASE_STRIP = NO;
				DEBUG_INFORMATION_FORMAT = "dwarf-with-dsym";
				ENABLE_NS_ASSERTIONS = NO;
				ENABLE_STRICT_OBJC_MSGSEND = YES;
				GCC_C_LANGUAGE_STANDARD = gnu11;
				GCC_NO_COMMON_BLOCKS = YES;
				GCC_WARN_64_TO_32_BIT_CONVERSION = YES;
				GCC_WARN_ABOUT_RETURN_TYPE = YES_ERROR;
				GCC_WARN_UNDECLARED_SELECTOR = YES;
				GCC_WARN_UNINITIALIZED_AUTOS = YES_AGGRESSIVE;
				GCC_WARN_UNUSED_FUNCTION = YES;
				GCC_WARN_UNUSED_VARIABLE = YES;
				IPHONEOS_DEPLOYMENT_TARGET = 15.4;
				MTL_ENABLE_DEBUG_INFO = NO;
				MTL_FAST_MATH = YES;
				SDKROOT = iphoneos;
				SWIFT_COMPILATION_MODE = wholemodule;
				SWIFT_OPTIMIZATION_LEVEL = "-O";
				VALIDATE_PRODUCT = YES;
			};
			name = Release;
		};
		D90AC8F42842445200A75C4D /* Debug */ = {
			isa = XCBuildConfiguration;
			buildSettings = {
				ASSETCATALOG_COMPILER_APPICON_NAME = AppIcon;
				ASSETCATALOG_COMPILER_GLOBAL_ACCENT_COLOR_NAME = AccentColor;
				CODE_SIGN_STYLE = Automatic;
				CURRENT_PROJECT_VERSION = 1;
				DEVELOPMENT_TEAM = XK82N983EZ;
				GENERATE_INFOPLIST_FILE = YES;
				INFOPLIST_FILE = CoreDataProfiles/Resources/Info.plist;
				INFOPLIST_KEY_UIApplicationSupportsIndirectInputEvents = YES;
				INFOPLIST_KEY_UILaunchStoryboardName = LaunchScreen;
				INFOPLIST_KEY_UIMainStoryboardFile = Main;
				INFOPLIST_KEY_UISupportedInterfaceOrientations_iPad = "UIInterfaceOrientationPortrait UIInterfaceOrientationPortraitUpsideDown UIInterfaceOrientationLandscapeLeft UIInterfaceOrientationLandscapeRight";
				INFOPLIST_KEY_UISupportedInterfaceOrientations_iPhone = "UIInterfaceOrientationPortrait UIInterfaceOrientationLandscapeLeft UIInterfaceOrientationLandscapeRight";
				LD_RUNPATH_SEARCH_PATHS = (
					"$(inherited)",
					"@executable_path/Frameworks",
				);
				MARKETING_VERSION = 1.0;
				PRODUCT_BUNDLE_IDENTIFIER = bagmet.CoreDataProfiles;
				PRODUCT_NAME = "$(TARGET_NAME)";
				SWIFT_EMIT_LOC_STRINGS = YES;
				SWIFT_VERSION = 5.0;
				TARGETED_DEVICE_FAMILY = "1,2";
			};
			name = Debug;
		};
		D90AC8F52842445200A75C4D /* Release */ = {
			isa = XCBuildConfiguration;
			buildSettings = {
				ASSETCATALOG_COMPILER_APPICON_NAME = AppIcon;
				ASSETCATALOG_COMPILER_GLOBAL_ACCENT_COLOR_NAME = AccentColor;
				CODE_SIGN_STYLE = Automatic;
				CURRENT_PROJECT_VERSION = 1;
				DEVELOPMENT_TEAM = XK82N983EZ;
				GENERATE_INFOPLIST_FILE = YES;
				INFOPLIST_FILE = CoreDataProfiles/Resources/Info.plist;
				INFOPLIST_KEY_UIApplicationSupportsIndirectInputEvents = YES;
				INFOPLIST_KEY_UILaunchStoryboardName = LaunchScreen;
				INFOPLIST_KEY_UIMainStoryboardFile = Main;
				INFOPLIST_KEY_UISupportedInterfaceOrientations_iPad = "UIInterfaceOrientationPortrait UIInterfaceOrientationPortraitUpsideDown UIInterfaceOrientationLandscapeLeft UIInterfaceOrientationLandscapeRight";
				INFOPLIST_KEY_UISupportedInterfaceOrientations_iPhone = "UIInterfaceOrientationPortrait UIInterfaceOrientationLandscapeLeft UIInterfaceOrientationLandscapeRight";
				LD_RUNPATH_SEARCH_PATHS = (
					"$(inherited)",
					"@executable_path/Frameworks",
				);
				MARKETING_VERSION = 1.0;
				PRODUCT_BUNDLE_IDENTIFIER = bagmet.CoreDataProfiles;
				PRODUCT_NAME = "$(TARGET_NAME)";
				SWIFT_EMIT_LOC_STRINGS = YES;
				SWIFT_VERSION = 5.0;
				TARGETED_DEVICE_FAMILY = "1,2";
			};
			name = Release;
		};
/* End XCBuildConfiguration section */

/* Begin XCConfigurationList section */
		D90AC8D72842445100A75C4D /* Build configuration list for PBXProject "CoreDataProfiles" */ = {
			isa = XCConfigurationList;
			buildConfigurations = (
				D90AC8F12842445200A75C4D /* Debug */,
				D90AC8F22842445200A75C4D /* Release */,
			);
			defaultConfigurationIsVisible = 0;
			defaultConfigurationName = Release;
		};
		D90AC8F32842445200A75C4D /* Build configuration list for PBXNativeTarget "CoreDataProfiles" */ = {
			isa = XCConfigurationList;
			buildConfigurations = (
				D90AC8F42842445200A75C4D /* Debug */,
				D90AC8F52842445200A75C4D /* Release */,
			);
			defaultConfigurationIsVisible = 0;
			defaultConfigurationName = Release;
		};
/* End XCConfigurationList section */

/* Begin XCRemoteSwiftPackageReference section */
		D90AC9112842724900A75C4D /* XCRemoteSwiftPackageReference "SnapKit" */ = {
			isa = XCRemoteSwiftPackageReference;
			repositoryURL = "https://github.com/SnapKit/SnapKit.git";
			requirement = {
				kind = upToNextMajorVersion;
				minimumVersion = 5.0.1;
			};
		};
/* End XCRemoteSwiftPackageReference section */

/* Begin XCSwiftPackageProductDependency section */
		D90AC9122842724900A75C4D /* SnapKit */ = {
			isa = XCSwiftPackageProductDependency;
			package = D90AC9112842724900A75C4D /* XCRemoteSwiftPackageReference "SnapKit" */;
			productName = SnapKit;
		};
/* End XCSwiftPackageProductDependency section */

/* Begin XCVersionGroup section */
		D90AC8E82842445100A75C4D /* CoreDataProfiles.xcdatamodeld */ = {
			isa = XCVersionGroup;
			children = (
				D90AC8E92842445100A75C4D /* CoreDataProfiles.xcdatamodel */,
			);
			currentVersion = D90AC8E92842445100A75C4D /* CoreDataProfiles.xcdatamodel */;
			path = CoreDataProfiles.xcdatamodeld;
			sourceTree = "<group>";
			versionGroupType = wrapper.xcdatamodel;
		};
/* End XCVersionGroup section */
	};
	rootObject = D90AC8D42842445100A75C4D /* Project object */;
}
